
Microsoft Visual Studio Solution File, Format Version 12.00
# Visual Studio Version 16
VisualStudioVersion = 16.0.31727.386
MinimumVisualStudioVersion = 10.0.40219.1
Project("{FAE04EC0-301F-11D3-BF4B-00C04F79EFBC}") = "vs2222", "vs2222.csproj", "{6C1234BF-427D-4024-9A0B-846DD3325FDD}"
EndProject
Global
	GlobalSection(SolutionConfigurationPlatforms) = preSolution
		Debug|Any CPU = Debug|Any CPU
		Release|Any CPU = Release|Any CPU
	EndGlobalSection
	GlobalSection(ProjectConfigurationPlatforms) = postSolution
		{6C1234BF-427D-4024-9A0B-846DD3325FDD}.Debug|Any CPU.ActiveCfg = Debug|Any CPU
		{6C1234BF-427D-4024-9A0B-846DD3325FDD}.Debug|Any CPU.Build.0 = Debug|Any CPU
		{6C1234BF-427D-4024-9A0B-846DD3325FDD}.Release|Any CPU.ActiveCfg = Release|Any CPU
		{6C1234BF-427D-4024-9A0B-846DD3325FDD}.Release|Any CPU.Build.0 = Release|Any CPU
	EndGlobalSection
	GlobalSection(SolutionProperties) = preSolution
		HideSolutionNode = FALSE
	EndGlobalSection
	GlobalSection(ExtensibilityGlobals) = postSolution
		SolutionGuid = {A6F911A1-A271-422E-8AF6-052F11F9EC49}
	EndGlobalSection
EndGlobal
